Microsoft Visual Studio Solution File, Format Version 12.00
# Visual Studio Version 17
VisualStudioVersion = 17.5.2.0
MinimumVisualStudioVersion = 10.0.40219.1
Project("{FAE04EC0-301F-11D3-BF4B-00C04F79EFBC}") = "TimeEntryHtml", "TimeEntryHtml.csproj", "{EC621914-7D5E-72B0-AAEC-2EFFC8FC3F5D}"
EndProject
Global
	GlobalSection(SolutionConfigurationPlatforms) = preSolution
		Debug|Any CPU = Debug|Any CPU
		Release|Any CPU = Release|Any CPU
	EndGlobalSection
	GlobalSection(ProjectConfigurationPlatforms) = postSolution
		{EC621914-7D5E-72B0-AAEC-2EFFC8FC3F5D}.Debug|Any CPU.ActiveCfg = Debug|Any CPU
		{EC621914-7D5E-72B0-AAEC-2EFFC8FC3F5D}.Debug|Any CPU.Build.0 = Debug|Any CPU
		{EC621914-7D5E-72B0-AAEC-2EFFC8FC3F5D}.Release|Any CPU.ActiveCfg = Release|Any CPU
		{EC621914-7D5E-72B0-AAEC-2EFFC8FC3F5D}.Release|Any CPU.Build.0 = Release|Any CPU
	EndGlobalSection
	GlobalSection(SolutionProperties) = preSolution
		HideSolutionNode = FALSE
	EndGlobalSection
	GlobalSection(ExtensibilityGlobals) = postSolution
		SolutionGuid = {C834AC98-1A6D-49AF-9987-06A3838C312D}
	EndGlobalSection
EndGlobal
